
Microsoft Visual Studio Solution File, Format Version 12.00
# Visual Studio Version 17
VisualStudioVersion = 17.9.34728.123
MinimumVisualStudioVersion = 10.0.40219.1
Project("{FAE04EC0-301F-11D3-BF4B-00C04F79EFBC}") = "ef-core", "ef-core\ef-core.csproj", "{A2F2F4D4-9C6D-413D-A9D7-725A1DC106B4}"
EndProject
Global
	GlobalSection(SolutionConfigurationPlatforms) = preSolution
		Debug|Any CPU = Debug|Any CPU
		Release|Any CPU = Release|Any CPU
	EndGlobalSection
	GlobalSection(ProjectConfigurationPlatforms) = postSolution
		{A2F2F4D4-9C6D-413D-A9D7-725A1DC106B4}.Debug|Any CPU.ActiveCfg = Debug|Any CPU
		{A2F2F4D4-9C6D-413D-A9D7-725A1DC106B4}.Debug|Any CPU.Build.0 = Debug|Any CPU
		{A2F2F4D4-9C6D-413D-A9D7-725A1DC106B4}.Release|Any CPU.ActiveCfg = Release|Any CPU
		{A2F2F4D4-9C6D-413D-A9D7-725A1DC106B4}.Release|Any CPU.Build.0 = Release|Any CPU
	EndGlobalSection
	GlobalSection(SolutionProperties) = preSolution
		HideSolutionNode = FALSE
	EndGlobalSection
	GlobalSection(ExtensibilityGlobals) = postSolution
		SolutionGuid = {445B1057-175E-412C-A2DD-122E8C88D57F}
	EndGlobalSection
EndGlobal
